
Microsoft Visual Studio Solution File, Format Version 12.00
# Visual Studio Version 17
VisualStudioVersion = 17.1.32319.34
MinimumVisualStudioVersion = 10.0.40219.1
Project("{2150E333-8FDC-42A3-9474-1A3956D46DE8}") = "FrontEnd", "FrontEnd", "{50A338DE-3728-48AA-A234-6B562111E879}"
EndProject
Project("{2150E333-8FDC-42A3-9474-1A3956D46DE8}") = "Services", "Services", "{A38DB38C-D8CE-4CEF-A14E-3DB48F41BABF}"
EndProject
Project("{9A19103F-16F7-4668-BE54-9A1E7A4F7556}") = "GeekShopping.Web", "GeekShopping.Web\GeekShopping.Web.csproj", "{D71A39B8-253D-4A88-9125-E23C064902EA}"
EndProject
Project("{9A19103F-16F7-4668-BE54-9A1E7A4F7556}") = "GeekShopping.ProductAPI", "GeekShopping.ProductAPI\GeekShopping.ProductAPI.csproj", "{3C18DC98-3D7F-45BA-B527-43926E38929E}"
EndProject
Global
	GlobalSection(SolutionConfigurationPlatforms) = preSolution
		Debug|Any CPU = Debug|Any CPU
		Release|Any CPU = Release|Any CPU
	EndGlobalSection
	GlobalSection(ProjectConfigurationPlatforms) = postSolution
		{D71A39B8-253D-4A88-9125-E23C064902EA}.Debug|Any CPU.ActiveCfg = Debug|Any CPU
		{D71A39B8-253D-4A88-9125-E23C064902EA}.Debug|Any CPU.Build.0 = Debug|Any CPU
		{D71A39B8-253D-4A88-9125-E23C064902EA}.Release|Any CPU.ActiveCfg = Release|Any CPU
		{D71A39B8-253D-4A88-9125-E23C064902EA}.Release|Any CPU.Build.0 = Release|Any CPU
		{3C18DC98-3D7F-45BA-B527-43926E38929E}.Debug|Any CPU.ActiveCfg = Debug|Any CPU
		{3C18DC98-3D7F-45BA-B527-43926E38929E}.Debug|Any CPU.Build.0 = Debug|Any CPU
		{3C18DC98-3D7F-45BA-B527-43926E38929E}.Release|Any CPU.ActiveCfg = Release|Any CPU
		{3C18DC98-3D7F-45BA-B527-43926E38929E}.Release|Any CPU.Build.0 = Release|Any CPU
	EndGlobalSection
	GlobalSection(SolutionProperties) = preSolution
		HideSolutionNode = FALSE
	EndGlobalSection
	GlobalSection(NestedProjects) = preSolution
		{D71A39B8-253D-4A88-9125-E23C064902EA} = {50A338DE-3728-48AA-A234-6B562111E879}
		{3C18DC98-3D7F-45BA-B527-43926E38929E} = {A38DB38C-D8CE-4CEF-A14E-3DB48F41BABF}
	EndGlobalSection
	GlobalSection(ExtensibilityGlobals) = postSolution
		SolutionGuid = {2B274F12-9B82-47E5-BEB7-91BEEBDC41DD}
	EndGlobalSection
EndGlobal
