
Microsoft Visual Studio Solution File, Format Version 12.00
# Visual Studio Version 17
VisualStudioVersion = 17.1.32319.34
MinimumVisualStudioVersion = 10.0.40219.1
Project("{2150E333-8FDC-42A3-9474-1A3956D46DE8}") = "FrontEnd", "FrontEnd", "{50A338DE-3728-48AA-A234-6B562111E879}"
EndProject
Project("{2150E333-8FDC-42A3-9474-1A3956D46DE8}") = "Services", "Services", "{A38DB38C-D8CE-4CEF-A14E-3DB48F41BABF}"
EndProject
Project("{9A19103F-16F7-4668-BE54-9A1E7A4F7556}") = "GeekShopping.Web", "GeekShopping.Web\GeekShopping.Web.csproj", "{D71A39B8-253D-4A88-9125-E23C064902EA}"
EndProject
Project("{9A19103F-16F7-4668-BE54-9A1E7A4F7556}") = "GeekShopping.ProductAPI", "GeekShopping.ProductAPI\GeekShopping.ProductAPI.csproj", "{3C18DC98-3D7F-45BA-B527-43926E38929E}"
EndProject
Project("{9A19103F-16F7-4668-BE54-9A1E7A4F7556}") = "GeekShopping.IdentityServer", "GeekShopping.IdentityServer\GeekShopping.IdentityServer.csproj", "{EA047FD0-9B54-44D9-9470-98B95E514847}"
EndProject
Project("{9A19103F-16F7-4668-BE54-9A1E7A4F7556}") = "Geekshopping.CartAPI", "Geekshopping.CartAPI\Geekshopping.CartAPI.csproj", "{624F5901-03F4-4A68-B6BD-6BCB2815D3B4}"
EndProject
Project("{9A19103F-16F7-4668-BE54-9A1E7A4F7556}") = "GeekShopping.CuponAPI", "GeekShopping.CuponAPI\GeekShopping.CuponAPI.csproj", "{E21957A5-CA25-45C5-9757-59F525B7581F}"
EndProject
Project("{2150E333-8FDC-42A3-9474-1A3956D46DE8}") = "Integration", "Integration", "{0EDE8E06-1001-4847-9326-1D29C520224E}"
EndProject
Project("{9A19103F-16F7-4668-BE54-9A1E7A4F7556}") = "GeekShopping.MessageBus", "GeekShopping.MessageBus\GeekShopping.MessageBus.csproj", "{8217E7A2-359A-4D84-A575-E5E078EC6820}"
EndProject
Project("{FAE04EC0-301F-11D3-BF4B-00C04F79EFBC}") = "GeekShopping.OrderAPI", "GeekShopping.OrderAPI\GeekShopping.OrderAPI.csproj", "{71676D8D-B1F7-4FD4-89AD-2A47F11CFD3D}"
EndProject
Global
	GlobalSection(SolutionConfigurationPlatforms) = preSolution
		Debug|Any CPU = Debug|Any CPU
		Release|Any CPU = Release|Any CPU
	EndGlobalSection
	GlobalSection(ProjectConfigurationPlatforms) = postSolution
		{D71A39B8-253D-4A88-9125-E23C064902EA}.Debug|Any CPU.ActiveCfg = Debug|Any CPU
		{D71A39B8-253D-4A88-9125-E23C064902EA}.Debug|Any CPU.Build.0 = Debug|Any CPU
		{D71A39B8-253D-4A88-9125-E23C064902EA}.Release|Any CPU.ActiveCfg = Release|Any CPU
		{D71A39B8-253D-4A88-9125-E23C064902EA}.Release|Any CPU.Build.0 = Release|Any CPU
		{3C18DC98-3D7F-45BA-B527-43926E38929E}.Debug|Any CPU.ActiveCfg = Debug|Any CPU
		{3C18DC98-3D7F-45BA-B527-43926E38929E}.Debug|Any CPU.Build.0 = Debug|Any CPU
		{3C18DC98-3D7F-45BA-B527-43926E38929E}.Release|Any CPU.ActiveCfg = Release|Any CPU
		{3C18DC98-3D7F-45BA-B527-43926E38929E}.Release|Any CPU.Build.0 = Release|Any CPU
		{EA047FD0-9B54-44D9-9470-98B95E514847}.Debug|Any CPU.ActiveCfg = Debug|Any CPU
		{EA047FD0-9B54-44D9-9470-98B95E514847}.Debug|Any CPU.Build.0 = Debug|Any CPU
		{EA047FD0-9B54-44D9-9470-98B95E514847}.Release|Any CPU.ActiveCfg = Release|Any CPU
		{EA047FD0-9B54-44D9-9470-98B95E514847}.Release|Any CPU.Build.0 = Release|Any CPU
		{624F5901-03F4-4A68-B6BD-6BCB2815D3B4}.Debug|Any CPU.ActiveCfg = Debug|Any CPU
		{624F5901-03F4-4A68-B6BD-6BCB2815D3B4}.Debug|Any CPU.Build.0 = Debug|Any CPU
		{624F5901-03F4-4A68-B6BD-6BCB2815D3B4}.Release|Any CPU.ActiveCfg = Release|Any CPU
		{624F5901-03F4-4A68-B6BD-6BCB2815D3B4}.Release|Any CPU.Build.0 = Release|Any CPU
		{E21957A5-CA25-45C5-9757-59F525B7581F}.Debug|Any CPU.ActiveCfg = Debug|Any CPU
		{E21957A5-CA25-45C5-9757-59F525B7581F}.Debug|Any CPU.Build.0 = Debug|Any CPU
		{E21957A5-CA25-45C5-9757-59F525B7581F}.Release|Any CPU.ActiveCfg = Release|Any CPU
		{E21957A5-CA25-45C5-9757-59F525B7581F}.Release|Any CPU.Build.0 = Release|Any CPU
		{8217E7A2-359A-4D84-A575-E5E078EC6820}.Debug|Any CPU.ActiveCfg = Debug|Any CPU
		{8217E7A2-359A-4D84-A575-E5E078EC6820}.Debug|Any CPU.Build.0 = Debug|Any CPU
		{8217E7A2-359A-4D84-A575-E5E078EC6820}.Release|Any CPU.ActiveCfg = Release|Any CPU
		{8217E7A2-359A-4D84-A575-E5E078EC6820}.Release|Any CPU.Build.0 = Release|Any CPU
		{71676D8D-B1F7-4FD4-89AD-2A47F11CFD3D}.Debug|Any CPU.ActiveCfg = Debug|Any CPU
		{71676D8D-B1F7-4FD4-89AD-2A47F11CFD3D}.Debug|Any CPU.Build.0 = Debug|Any CPU
		{71676D8D-B1F7-4FD4-89AD-2A47F11CFD3D}.Release|Any CPU.ActiveCfg = Release|Any CPU
		{71676D8D-B1F7-4FD4-89AD-2A47F11CFD3D}.Release|Any CPU.Build.0 = Release|Any CPU
	EndGlobalSection
	GlobalSection(SolutionProperties) = preSolution
		HideSolutionNode = FALSE
	EndGlobalSection
	GlobalSection(NestedProjects) = preSolution
		{D71A39B8-253D-4A88-9125-E23C064902EA} = {50A338DE-3728-48AA-A234-6B562111E879}
		{3C18DC98-3D7F-45BA-B527-43926E38929E} = {A38DB38C-D8CE-4CEF-A14E-3DB48F41BABF}
		{EA047FD0-9B54-44D9-9470-98B95E514847} = {A38DB38C-D8CE-4CEF-A14E-3DB48F41BABF}
		{624F5901-03F4-4A68-B6BD-6BCB2815D3B4} = {A38DB38C-D8CE-4CEF-A14E-3DB48F41BABF}
		{E21957A5-CA25-45C5-9757-59F525B7581F} = {A38DB38C-D8CE-4CEF-A14E-3DB48F41BABF}
		{8217E7A2-359A-4D84-A575-E5E078EC6820} = {0EDE8E06-1001-4847-9326-1D29C520224E}
		{71676D8D-B1F7-4FD4-89AD-2A47F11CFD3D} = {A38DB38C-D8CE-4CEF-A14E-3DB48F41BABF}
	EndGlobalSection
	GlobalSection(ExtensibilityGlobals) = postSolution
		SolutionGuid = {2B274F12-9B82-47E5-BEB7-91BEEBDC41DD}
	EndGlobalSection
EndGlobal
